
Microsoft Visual Studio Solution File, Format Version 12.00
# Visual Studio Version 17
VisualStudioVersion = 17.0.32112.339
MinimumVisualStudioVersion = 10.0.40219.1
Project("{9A19103F-16F7-4668-BE54-9A1E7A4F7556}") = "Genocs.MassTransit.Issuer.Service", "Genocs.MassTransit.Issuer.Service\Genocs.MassTransit.Issuer.Service.csproj", "{FBF93F6E-28C8-484C-BE8E-34BDC63835B3}"
EndProject
Project("{9A19103F-16F7-4668-BE54-9A1E7A4F7556}") = "Genocs.MassTransit.Issuer.WebApi", "Genocs.MassTransit.Issuer.WebApi\Genocs.MassTransit.Issuer.WebApi.csproj", "{1AA85237-7D41-4FEE-B404-A44BA8A269D7}"
EndProject
Project("{9A19103F-16F7-4668-BE54-9A1E7A4F7556}") = "Genocs.MassTransit.Issuer.Contracts", "Genocs.MassTransit.Issuer.Contracts\Genocs.MassTransit.Issuer.Contracts.csproj", "{4B8C149B-C1C6-4461-B5E5-3C8883729DB3}"
EndProject
Project("{9A19103F-16F7-4668-BE54-9A1E7A4F7556}") = "Genocs.MassTransit.Issuer.Components", "Genocs.MassTransit.Issuer.Components\Genocs.MassTransit.Issuer.Components.csproj", "{CCF24FC1-8596-4331-9DB9-AD06855EA909}"
EndProject
Project("{2150E333-8FDC-42A3-9474-1A3956D46DE8}") = "Warehouse", "Warehouse", "{0DC1FB21-EECD-474F-82EC-D8ADDC515A0A}"
EndProject
Project("{9A19103F-16F7-4668-BE54-9A1E7A4F7556}") = "Genocs.MassTransit.Warehouse.Contracts", "Genocs.MassTransit.Warehouse.Contracts\Genocs.MassTransit.Warehouse.Contracts.csproj", "{20CEF728-503D-403C-8DF2-D728BDB2F132}"
EndProject
Project("{9A19103F-16F7-4668-BE54-9A1E7A4F7556}") = "Genocs.MassTransit.Warehouse.Components", "Genocs.MassTransit.Warehouse.Components\Genocs.MassTransit.Warehouse.Components.csproj", "{6E4AA10C-CAAB-4C89-BBFE-4E7B5DBFEA58}"
EndProject
Project("{9A19103F-16F7-4668-BE54-9A1E7A4F7556}") = "Genocs.MassTransit.Warehouse.Service", "Genocs.MassTransit.Warehouse.Service\Genocs.MassTransit.Warehouse.Service.csproj", "{0D2D0A46-B015-4686-A60E-E82D329C5232}"
EndProject
Project("{2150E333-8FDC-42A3-9474-1A3956D46DE8}") = "Customer", "Customer", "{3A651190-69B4-4370-979B-95AFE4237C4F}"
EndProject
Project("{9A19103F-16F7-4668-BE54-9A1E7A4F7556}") = "Genocs.MassTransit.Customers.WebApi", "Genocs.MassTransit.Customers.WebApi\Genocs.MassTransit.Customers.WebApi.csproj", "{13A926D3-E97E-4E4F-98C1-1899327FEC4A}"
EndProject
Project("{9A19103F-16F7-4668-BE54-9A1E7A4F7556}") = "Genocs.MassTransit.Customers.Contracts", "Genocs.MassTransit.Customers.Contracts\Genocs.MassTransit.Customers.Contracts.csproj", "{DC4940C4-550F-44C0-AD14-C68D501F2A6C}"
EndProject
Project("{2150E333-8FDC-42A3-9474-1A3956D46DE8}") = "Integration", "Integration", "{55E4D4A1-7487-44DF-AE0D-664D96E34654}"
EndProject
Project("{9A19103F-16F7-4668-BE54-9A1E7A4F7556}") = "Genocs.MassTransit.Integrations.Service", "Genocs.MassTransit.Integrations\Genocs.MassTransit.Integrations.Service.csproj", "{1A1B4855-CF0A-489C-A39B-C9295DC4D128}"
EndProject
Project("{2150E333-8FDC-42A3-9474-1A3956D46DE8}") = "Payment", "Payment", "{3FEF5E25-B6BC-4003-A100-F42C85807A45}"
EndProject
Project("{2150E333-8FDC-42A3-9474-1A3956D46DE8}") = "Promotion", "Promotion", "{6B8E7A3E-C348-4ADE-9357-C35F8D34B01D}"
EndProject
Project("{2150E333-8FDC-42A3-9474-1A3956D46DE8}") = "Tests", "Tests", "{DC2A2EEB-DFFA-490C-A717-0ACC7A75E787}"
EndProject
Project("{2150E333-8FDC-42A3-9474-1A3956D46DE8}") = "Issuer", "Issuer", "{A058B42B-9220-4A8F-BEFF-46915B6B69A3}"
EndProject
Project("{9A19103F-16F7-4668-BE54-9A1E7A4F7556}") = "Genocs.MassTransit.Integrations.Contracts", "Genocs.MassTransit.Integrations.Contracts\Genocs.MassTransit.Integrations.Contracts.csproj", "{31F0CD9E-12E3-453B-BFBA-08EB06EB8C41}"
EndProject
Project("{2150E333-8FDC-42A3-9474-1A3956D46DE8}") = "Mobile", "Mobile", "{061EC219-2F31-43B0-941C-FF508ADD7AAF}"
EndProject
Project("{9A19103F-16F7-4668-BE54-9A1E7A4F7556}") = "Genocs.MassTransit.GRPC.Contracts", "Genocs.MassTransit.GRPC.Contracts\Genocs.MassTransit.GRPC.Contracts.csproj", "{684D8C26-D0D2-44BA-8421-5E411AF89B7B}"
EndProject
Project("{FAE04EC0-301F-11D3-BF4B-00C04F79EFBC}") = "Genocs.Masstransit.GRPC.Server.Service", "Genocs.Masstransit.GRPC.Server.Service\Genocs.Masstransit.GRPC.Server.Service.csproj", "{F137CE9E-8D22-4119-A671-3144F786BC07}"
EndProject
Project("{FAE04EC0-301F-11D3-BF4B-00C04F79EFBC}") = "Genocs.MassTransit.GRPC.Client.Service", "Genocs.MassTransit.GRPC.Client.Service\Genocs.MassTransit.GRPC.Client.Service.csproj", "{D45CAE28-9156-4A8A-81C8-A24069003F70}"
EndProject
Global
	GlobalSection(SolutionConfigurationPlatforms) = preSolution
		Debug|Any CPU = Debug|Any CPU
		Release|Any CPU = Release|Any CPU
	EndGlobalSection
	GlobalSection(ProjectConfigurationPlatforms) = postSolution
		{FBF93F6E-28C8-484C-BE8E-34BDC63835B3}.Debug|Any CPU.ActiveCfg = Debug|Any CPU
		{FBF93F6E-28C8-484C-BE8E-34BDC63835B3}.Debug|Any CPU.Build.0 = Debug|Any CPU
		{FBF93F6E-28C8-484C-BE8E-34BDC63835B3}.Release|Any CPU.ActiveCfg = Release|Any CPU
		{FBF93F6E-28C8-484C-BE8E-34BDC63835B3}.Release|Any CPU.Build.0 = Release|Any CPU
		{1AA85237-7D41-4FEE-B404-A44BA8A269D7}.Debug|Any CPU.ActiveCfg = Debug|Any CPU
		{1AA85237-7D41-4FEE-B404-A44BA8A269D7}.Debug|Any CPU.Build.0 = Debug|Any CPU
		{1AA85237-7D41-4FEE-B404-A44BA8A269D7}.Release|Any CPU.ActiveCfg = Release|Any CPU
		{1AA85237-7D41-4FEE-B404-A44BA8A269D7}.Release|Any CPU.Build.0 = Release|Any CPU
		{4B8C149B-C1C6-4461-B5E5-3C8883729DB3}.Debug|Any CPU.ActiveCfg = Debug|Any CPU
		{4B8C149B-C1C6-4461-B5E5-3C8883729DB3}.Debug|Any CPU.Build.0 = Debug|Any CPU
		{4B8C149B-C1C6-4461-B5E5-3C8883729DB3}.Release|Any CPU.ActiveCfg = Release|Any CPU
		{4B8C149B-C1C6-4461-B5E5-3C8883729DB3}.Release|Any CPU.Build.0 = Release|Any CPU
		{CCF24FC1-8596-4331-9DB9-AD06855EA909}.Debug|Any CPU.ActiveCfg = Debug|Any CPU
		{CCF24FC1-8596-4331-9DB9-AD06855EA909}.Debug|Any CPU.Build.0 = Debug|Any CPU
		{CCF24FC1-8596-4331-9DB9-AD06855EA909}.Release|Any CPU.ActiveCfg = Release|Any CPU
		{CCF24FC1-8596-4331-9DB9-AD06855EA909}.Release|Any CPU.Build.0 = Release|Any CPU
		{20CEF728-503D-403C-8DF2-D728BDB2F132}.Debug|Any CPU.ActiveCfg = Debug|Any CPU
		{20CEF728-503D-403C-8DF2-D728BDB2F132}.Debug|Any CPU.Build.0 = Debug|Any CPU
		{20CEF728-503D-403C-8DF2-D728BDB2F132}.Release|Any CPU.ActiveCfg = Release|Any CPU
		{20CEF728-503D-403C-8DF2-D728BDB2F132}.Release|Any CPU.Build.0 = Release|Any CPU
		{6E4AA10C-CAAB-4C89-BBFE-4E7B5DBFEA58}.Debug|Any CPU.ActiveCfg = Debug|Any CPU
		{6E4AA10C-CAAB-4C89-BBFE-4E7B5DBFEA58}.Debug|Any CPU.Build.0 = Debug|Any CPU
		{6E4AA10C-CAAB-4C89-BBFE-4E7B5DBFEA58}.Release|Any CPU.ActiveCfg = Release|Any CPU
		{6E4AA10C-CAAB-4C89-BBFE-4E7B5DBFEA58}.Release|Any CPU.Build.0 = Release|Any CPU
		{0D2D0A46-B015-4686-A60E-E82D329C5232}.Debug|Any CPU.ActiveCfg = Debug|Any CPU
		{0D2D0A46-B015-4686-A60E-E82D329C5232}.Debug|Any CPU.Build.0 = Debug|Any CPU
		{0D2D0A46-B015-4686-A60E-E82D329C5232}.Release|Any CPU.ActiveCfg = Release|Any CPU
		{0D2D0A46-B015-4686-A60E-E82D329C5232}.Release|Any CPU.Build.0 = Release|Any CPU
		{13A926D3-E97E-4E4F-98C1-1899327FEC4A}.Debug|Any CPU.ActiveCfg = Debug|Any CPU
		{13A926D3-E97E-4E4F-98C1-1899327FEC4A}.Debug|Any CPU.Build.0 = Debug|Any CPU
		{13A926D3-E97E-4E4F-98C1-1899327FEC4A}.Release|Any CPU.ActiveCfg = Release|Any CPU
		{13A926D3-E97E-4E4F-98C1-1899327FEC4A}.Release|Any CPU.Build.0 = Release|Any CPU
		{DC4940C4-550F-44C0-AD14-C68D501F2A6C}.Debug|Any CPU.ActiveCfg = Debug|Any CPU
		{DC4940C4-550F-44C0-AD14-C68D501F2A6C}.Debug|Any CPU.Build.0 = Debug|Any CPU
		{DC4940C4-550F-44C0-AD14-C68D501F2A6C}.Release|Any CPU.ActiveCfg = Release|Any CPU
		{DC4940C4-550F-44C0-AD14-C68D501F2A6C}.Release|Any CPU.Build.0 = Release|Any CPU
		{1A1B4855-CF0A-489C-A39B-C9295DC4D128}.Debug|Any CPU.ActiveCfg = Debug|Any CPU
		{1A1B4855-CF0A-489C-A39B-C9295DC4D128}.Debug|Any CPU.Build.0 = Debug|Any CPU
		{1A1B4855-CF0A-489C-A39B-C9295DC4D128}.Release|Any CPU.ActiveCfg = Release|Any CPU
		{1A1B4855-CF0A-489C-A39B-C9295DC4D128}.Release|Any CPU.Build.0 = Release|Any CPU
		{31F0CD9E-12E3-453B-BFBA-08EB06EB8C41}.Debug|Any CPU.ActiveCfg = Debug|Any CPU
		{31F0CD9E-12E3-453B-BFBA-08EB06EB8C41}.Debug|Any CPU.Build.0 = Debug|Any CPU
		{31F0CD9E-12E3-453B-BFBA-08EB06EB8C41}.Release|Any CPU.ActiveCfg = Release|Any CPU
		{31F0CD9E-12E3-453B-BFBA-08EB06EB8C41}.Release|Any CPU.Build.0 = Release|Any CPU
		{684D8C26-D0D2-44BA-8421-5E411AF89B7B}.Debug|Any CPU.ActiveCfg = Debug|Any CPU
		{684D8C26-D0D2-44BA-8421-5E411AF89B7B}.Debug|Any CPU.Build.0 = Debug|Any CPU
		{684D8C26-D0D2-44BA-8421-5E411AF89B7B}.Release|Any CPU.ActiveCfg = Release|Any CPU
		{684D8C26-D0D2-44BA-8421-5E411AF89B7B}.Release|Any CPU.Build.0 = Release|Any CPU
		{F137CE9E-8D22-4119-A671-3144F786BC07}.Debug|Any CPU.ActiveCfg = Debug|Any CPU
		{F137CE9E-8D22-4119-A671-3144F786BC07}.Debug|Any CPU.Build.0 = Debug|Any CPU
		{F137CE9E-8D22-4119-A671-3144F786BC07}.Release|Any CPU.ActiveCfg = Release|Any CPU
		{F137CE9E-8D22-4119-A671-3144F786BC07}.Release|Any CPU.Build.0 = Release|Any CPU
		{D45CAE28-9156-4A8A-81C8-A24069003F70}.Debug|Any CPU.ActiveCfg = Debug|Any CPU
		{D45CAE28-9156-4A8A-81C8-A24069003F70}.Debug|Any CPU.Build.0 = Debug|Any CPU
		{D45CAE28-9156-4A8A-81C8-A24069003F70}.Release|Any CPU.ActiveCfg = Release|Any CPU
		{D45CAE28-9156-4A8A-81C8-A24069003F70}.Release|Any CPU.Build.0 = Release|Any CPU
	EndGlobalSection
	GlobalSection(SolutionProperties) = preSolution
		HideSolutionNode = FALSE
	EndGlobalSection
	GlobalSection(NestedProjects) = preSolution
		{FBF93F6E-28C8-484C-BE8E-34BDC63835B3} = {A058B42B-9220-4A8F-BEFF-46915B6B69A3}
		{1AA85237-7D41-4FEE-B404-A44BA8A269D7} = {A058B42B-9220-4A8F-BEFF-46915B6B69A3}
		{4B8C149B-C1C6-4461-B5E5-3C8883729DB3} = {A058B42B-9220-4A8F-BEFF-46915B6B69A3}
		{CCF24FC1-8596-4331-9DB9-AD06855EA909} = {A058B42B-9220-4A8F-BEFF-46915B6B69A3}
		{20CEF728-503D-403C-8DF2-D728BDB2F132} = {0DC1FB21-EECD-474F-82EC-D8ADDC515A0A}
		{6E4AA10C-CAAB-4C89-BBFE-4E7B5DBFEA58} = {0DC1FB21-EECD-474F-82EC-D8ADDC515A0A}
		{0D2D0A46-B015-4686-A60E-E82D329C5232} = {0DC1FB21-EECD-474F-82EC-D8ADDC515A0A}
		{13A926D3-E97E-4E4F-98C1-1899327FEC4A} = {3A651190-69B4-4370-979B-95AFE4237C4F}
		{DC4940C4-550F-44C0-AD14-C68D501F2A6C} = {3A651190-69B4-4370-979B-95AFE4237C4F}
		{1A1B4855-CF0A-489C-A39B-C9295DC4D128} = {55E4D4A1-7487-44DF-AE0D-664D96E34654}
		{31F0CD9E-12E3-453B-BFBA-08EB06EB8C41} = {55E4D4A1-7487-44DF-AE0D-664D96E34654}
		{684D8C26-D0D2-44BA-8421-5E411AF89B7B} = {061EC219-2F31-43B0-941C-FF508ADD7AAF}
		{F137CE9E-8D22-4119-A671-3144F786BC07} = {061EC219-2F31-43B0-941C-FF508ADD7AAF}
		{D45CAE28-9156-4A8A-81C8-A24069003F70} = {061EC219-2F31-43B0-941C-FF508ADD7AAF}
	EndGlobalSection
	GlobalSection(ExtensibilityGlobals) = postSolution
		SolutionGuid = {F0F5DD1F-AC14-40B3-9ED2-4DE288A22B0D}
	EndGlobalSection
EndGlobal
